
Microsoft Visual Studio Solution File, Format Version 11.00
# Visual Studio Version 17

Project("{8BC9CEB8-8B4A-11D0-8D11-00A0C91BC942}") = "ParametricEQ - Standalone Plugin", "ParametricEQ_StandalonePlugin.vcxproj", "{1578695D-C2B1-AC94-3874-26A33307DE8C}"
	ProjectSection(ProjectDependencies) = postProject
		{20D61305-82EE-5436-BB65-AA6EEBD9AD45} = {20D61305-82EE-5436-BB65-AA6EEBD9AD45}
	EndProjectSection
EndProject
Project("{8BC9CEB8-8B4A-11D0-8D11-00A0C91BC942}") = "ParametricEQ - VST3", "ParametricEQ_VST3.vcxproj", "{860402B2-E6DA-6CF1-EFF1-B47B10A4197A}"
	ProjectSection(ProjectDependencies) = postProject
		{20D61305-82EE-5436-BB65-AA6EEBD9AD45} = {20D61305-82EE-5436-BB65-AA6EEBD9AD45}
	EndProjectSection
EndProject
Project("{8BC9CEB8-8B4A-11D0-8D11-00A0C91BC942}") = "ParametricEQ - Shared Code", "ParametricEQ_SharedCode.vcxproj", "{20D61305-82EE-5436-BB65-AA6EEBD9AD45}"
EndProject
Global
	GlobalSection(SolutionConfigurationPlatforms) = preSolution
		Debug|x64 = Debug|x64
		Release|x64 = Release|x64
	EndGlobalSection
	GlobalSection(ProjectConfigurationPlatforms) = postSolution
		{860402B2-E6DA-6CF1-EFF1-B47B10A4197A}.Debug|x64.ActiveCfg = Debug|x64
		{860402B2-E6DA-6CF1-EFF1-B47B10A4197A}.Debug|x64.Build.0 = Debug|x64
		{860402B2-E6DA-6CF1-EFF1-B47B10A4197A}.Release|x64.ActiveCfg = Release|x64
		{860402B2-E6DA-6CF1-EFF1-B47B10A4197A}.Release|x64.Build.0 = Release|x64
		{1578695D-C2B1-AC94-3874-26A33307DE8C}.Debug|x64.ActiveCfg = Debug|x64
		{1578695D-C2B1-AC94-3874-26A33307DE8C}.Debug|x64.Build.0 = Debug|x64
		{1578695D-C2B1-AC94-3874-26A33307DE8C}.Release|x64.ActiveCfg = Release|x64
		{1578695D-C2B1-AC94-3874-26A33307DE8C}.Release|x64.Build.0 = Release|x64
		{20D61305-82EE-5436-BB65-AA6EEBD9AD45}.Debug|x64.ActiveCfg = Debug|x64
		{20D61305-82EE-5436-BB65-AA6EEBD9AD45}.Debug|x64.Build.0 = Debug|x64
		{20D61305-82EE-5436-BB65-AA6EEBD9AD45}.Release|x64.ActiveCfg = Release|x64
		{20D61305-82EE-5436-BB65-AA6EEBD9AD45}.Release|x64.Build.0 = Release|x64
	EndGlobalSection
	GlobalSection(SolutionProperties) = preSolution
		HideSolutionNode = FALSE
	EndGlobalSection
EndGlobal
